
Microsoft Visual Studio Solution File, Format Version 12.00
# Visual Studio Version 17
VisualStudioVersion = 17.5.33516.290
MinimumVisualStudioVersion = 10.0.40219.1
Project("{9A19103F-16F7-4668-BE54-9A1E7A4F7556}") = "Project_part2_Server", "Project_part2_Server\Project_part2_Server.csproj", "{31C8281F-C1DC-495C-B064-6EFB9FDE731C}"
	ProjectSection(ProjectDependencies) = postProject
		{562CC581-BED4-45C9-89EE-92693AFBA748} = {562CC581-BED4-45C9-89EE-92693AFBA748}
	EndProjectSection
EndProject
Project("{9A19103F-16F7-4668-BE54-9A1E7A4F7556}") = "TaskModel", "TaskModel\TaskModel.csproj", "{562CC581-BED4-45C9-89EE-92693AFBA748}"
EndProject
Global
	GlobalSection(SolutionConfigurationPlatforms) = preSolution
		Debug|Any CPU = Debug|Any CPU
		Release|Any CPU = Release|Any CPU
	EndGlobalSection
	GlobalSection(ProjectConfigurationPlatforms) = postSolution
		{31C8281F-C1DC-495C-B064-6EFB9FDE731C}.Debug|Any CPU.ActiveCfg = Debug|Any CPU
		{31C8281F-C1DC-495C-B064-6EFB9FDE731C}.Debug|Any CPU.Build.0 = Debug|Any CPU
		{31C8281F-C1DC-495C-B064-6EFB9FDE731C}.Release|Any CPU.ActiveCfg = Release|Any CPU
		{31C8281F-C1DC-495C-B064-6EFB9FDE731C}.Release|Any CPU.Build.0 = Release|Any CPU
		{562CC581-BED4-45C9-89EE-92693AFBA748}.Debug|Any CPU.ActiveCfg = Debug|Any CPU
		{562CC581-BED4-45C9-89EE-92693AFBA748}.Debug|Any CPU.Build.0 = Debug|Any CPU
		{562CC581-BED4-45C9-89EE-92693AFBA748}.Release|Any CPU.ActiveCfg = Release|Any CPU
		{562CC581-BED4-45C9-89EE-92693AFBA748}.Release|Any CPU.Build.0 = Release|Any CPU
	EndGlobalSection
	GlobalSection(SolutionProperties) = preSolution
		HideSolutionNode = FALSE
	EndGlobalSection
	GlobalSection(ExtensibilityGlobals) = postSolution
		SolutionGuid = {98A13F4E-01BC-4532-896F-3F7635EABAAA}
	EndGlobalSection
EndGlobal
